github.com/Pramod-Devireddy/go-exprtk v1.0.1 h1:BPN3T4SOzCn8XN7of0N2Yg6ICqBwCejVHGnLwtyR55Q=
github.com/Pramod-Devireddy/go-exprtk v1.0.1/go.mod h1:GbqdmGxU1ESDj3lu8mPbffejPB5UoOtm6eB7qr3YZ94=
github.com/maja42/goval v1.3.1 h1:F/3Qqi0DX0VO9pVGuzbPVVI9WDI5L8muzMt+OAjh1xw=
github.com/maja42/goval v1.3.1/go.mod h1:LDMwF8ocOwIsMZdwoyHC/3UpV8ABDwEzalxkVV2z/rI=
rogchap.com/v8go v0.7.0 h1:kgjbiO4zE5itA962ze6Hqmbs4HgZbGzmueCXsZtremg=
rogchap.com/v8go v0.7.0/go.mod h1:MxgP3pL2MW4dpme/72QRs8sgNMmM0pRc8DPhcuLWPAs=
